// !$*UTF8*$!
{
	archiveVersion = 1;
	classes = {
	};
	objectVersion = 56;
	objects = {

/* Begin PBXBuildFile section */
		477D98632C012B3400C492A4 /* Day4.swift in Sources */ = {isa = PBXBuildFile; fileRef = 477D98622C012B3400C492A4 /* Day4.swift */; };
		477D98652C01340900C492A4 /* Checkpoint2.swift in Sources */ = {isa = PBXBuildFile; fileRef = 477D98642C01340900C492A4 /* Checkpoint2.swift */; };
		47BA7E762C1631D40049647A /* Day9.swift in Sources */ = {isa = PBXBuildFile; fileRef = 47BA7E752C1631D40049647A /* Day9.swift */; };
		47BE25322C0F7E6E000057F5 /* Day8.swift in Sources */ = {isa = PBXBuildFile; fileRef = 47BE25312C0F7E6E000057F5 /* Day8.swift */; };
		47BE25342C0F9247000057F5 /* Checkpoint4.swift in Sources */ = {isa = PBXBuildFile; fileRef = 47BE25332C0F9247000057F5 /* Checkpoint4.swift */; };
		47C5C3152C04F9B0002F0D21 /* Day5.swift in Sources */ = {isa = PBXBuildFile; fileRef = 47C5C3142C04F9B0002F0D21 /* Day5.swift */; };
		47D387052BFF84C800EDAE98 /* Day.swift in Sources */ = {isa = PBXBuildFile; fileRef = 47D387042BFF84C800EDAE98 /* Day.swift */; };
		47D387082BFF87CD00EDAE98 /* Day3.swift in Sources */ = {isa = PBXBuildFile; fileRef = 47D387072BFF87CD00EDAE98 /* Day3.swift */; };
		47D3870C2BFF8AAE00EDAE98 /* Checkpoint1.swift in Sources */ = {isa = PBXBuildFile; fileRef = 47D3870B2BFF8AAE00EDAE98 /* Checkpoint1.swift */; };
		47DD70A22BFEC4D000B6457D /* main.swift in Sources */ = {isa = PBXBuildFile; fileRef = 47DD70A12BFEC4D000B6457D /* main.swift */; };
		47DD70AA2BFECB1D00B6457D /* Day1.swift in Sources */ = {isa = PBXBuildFile; fileRef = 47DD70A92BFECB1C00B6457D /* Day1.swift */; };
		47EFDE772C1B61A300A5E3F6 /* Checkpoint5.swift in Sources */ = {isa = PBXBuildFile; fileRef = 47EFDE762C1B61A300A5E3F6 /* Checkpoint5.swift */; };
		47F5D1B22C0940460094895B /* Day7.swift in Sources */ = {isa = PBXBuildFile; fileRef = 47F5D1B12C0940460094895B /* Day7.swift */; };
		47F615A82BFEDCF2004F9A03 /* Day2.swift in Sources */ = {isa = PBXBuildFile; fileRef = 47F615A72BFEDCF2004F9A03 /* Day2.swift */; };
		9BC12A7F2C06831F0077D054 /* Day6.swift in Sources */ = {isa = PBXBuildFile; fileRef = 9BC12A7E2C06831F0077D054 /* Day6.swift */; };
		9BC12A812C069E7A0077D054 /* Checkpoint3.swift in Sources */ = {isa = PBXBuildFile; fileRef = 9BC12A802C069E7A0077D054 /* Checkpoint3.swift */; };
/* End PBXBuildFile section */

/* Begin PBXCopyFilesBuildPhase section */
		47DD709C2BFEC4D000B6457D /* CopyFiles */ = {
			isa = PBXCopyFilesBuildPhase;
			buildActionMask = 2147483647;
			dstPath = /usr/share/man/man1/;
			dstSubfolderSpec = 0;
			files = (
			);
			runOnlyForDeploymentPostprocessing = 1;
		};
/* End PBXCopyFilesBuildPhase section */

/* Begin PBXFileReference section */
		477D98622C012B3400C492A4 /* Day4.swift */ = {isa = PBXFileReference; lastKnownFileType = sourcecode.swift; path = Day4.swift; sourceTree = "<group>"; };
		477D98642C01340900C492A4 /* Checkpoint2.swift */ = {isa = PBXFileReference; lastKnownFileType = sourcecode.swift; path = Checkpoint2.swift; sourceTree = "<group>"; };
		47BA7E752C1631D40049647A /* Day9.swift */ = {isa = PBXFileReference; lastKnownFileType = sourcecode.swift; path = Day9.swift; sourceTree = "<group>"; };
		47BE25312C0F7E6E000057F5 /* Day8.swift */ = {isa = PBXFileReference; lastKnownFileType = sourcecode.swift; path = Day8.swift; sourceTree = "<group>"; };
		47BE25332C0F9247000057F5 /* Checkpoint4.swift */ = {isa = PBXFileReference; lastKnownFileType = sourcecode.swift; path = Checkpoint4.swift; sourceTree = "<group>"; };
		47C5C3142C04F9B0002F0D21 /* Day5.swift */ = {isa = PBXFileReference; lastKnownFileType = sourcecode.swift; path = Day5.swift; sourceTree = "<group>"; };
		47D387042BFF84C800EDAE98 /* Day.swift */ = {isa = PBXFileReference; lastKnownFileType = sourcecode.swift; path = Day.swift; sourceTree = "<group>"; };
		47D387072BFF87CD00EDAE98 /* Day3.swift */ = {isa = PBXFileReference; lastKnownFileType = sourcecode.swift; path = Day3.swift; sourceTree = "<group>"; };
		47D3870B2BFF8AAE00EDAE98 /* Checkpoint1.swift */ = {isa = PBXFileReference; lastKnownFileType = sourcecode.swift; path = Checkpoint1.swift; sourceTree = "<group>"; };
		47DD709E2BFEC4D000B6457D /* 100DaysOfSwiftUI */ = {isa = PBXFileReference; explicitFileType = "compiled.mach-o.executable"; includeInIndex = 0; path = 100DaysOfSwiftUI; sourceTree = BUILT_PRODUCTS_DIR; };
		47DD70A12BFEC4D000B6457D /* main.swift */ = {isa = PBXFileReference; lastKnownFileType = sourcecode.swift; path = main.swift; sourceTree = "<group>"; };
		47DD70A92BFECB1C00B6457D /* Day1.swift */ = {isa = PBXFileReference; lastKnownFileType = sourcecode.swift; path = Day1.swift; sourceTree = "<group>"; };
		47EFDE762C1B61A300A5E3F6 /* Checkpoint5.swift */ = {isa = PBXFileReference; lastKnownFileType = sourcecode.swift; path = Checkpoint5.swift; sourceTree = "<group>"; };
		47F5D1B12C0940460094895B /* Day7.swift */ = {isa = PBXFileReference; lastKnownFileType = sourcecode.swift; path = Day7.swift; sourceTree = "<group>"; };
		47F615A72BFEDCF2004F9A03 /* Day2.swift */ = {isa = PBXFileReference; lastKnownFileType = sourcecode.swift; path = Day2.swift; sourceTree = "<group>"; };
		9BC12A7E2C06831F0077D054 /* Day6.swift */ = {isa = PBXFileReference; lastKnownFileType = sourcecode.swift; path = Day6.swift; sourceTree = "<group>"; };
		9BC12A802C069E7A0077D054 /* Checkpoint3.swift */ = {isa = PBXFileReference; lastKnownFileType = sourcecode.swift; path = Checkpoint3.swift; sourceTree = "<group>"; };
/* End PBXFileReference section */

/* Begin PBXFrameworksBuildPhase section */
		47DD709B2BFEC4D000B6457D /* Frameworks */ = {
			isa = PBXFrameworksBuildPhase;
			buildActionMask = 2147483647;
			files = (
			);
			runOnlyForDeploymentPostprocessing = 0;
		};
/* End PBXFrameworksBuildPhase section */

/* Begin PBXGroup section */
		47D387062BFF87B600EDAE98 /* Days */ = {
			isa = PBXGroup;
			children = (
				47DD70A92BFECB1C00B6457D /* Day1.swift */,
				47F615A72BFEDCF2004F9A03 /* Day2.swift */,
				47D387072BFF87CD00EDAE98 /* Day3.swift */,
				477D98622C012B3400C492A4 /* Day4.swift */,
				47C5C3142C04F9B0002F0D21 /* Day5.swift */,
				9BC12A7E2C06831F0077D054 /* Day6.swift */,
				47F5D1B12C0940460094895B /* Day7.swift */,
				47BE25312C0F7E6E000057F5 /* Day8.swift */,
				47BA7E752C1631D40049647A /* Day9.swift */,
			);
			path = Days;
			sourceTree = "<group>";
		};
		47D3870D2BFF8AB200EDAE98 /* Checkpoints */ = {
			isa = PBXGroup;
			children = (
				47D3870B2BFF8AAE00EDAE98 /* Checkpoint1.swift */,
				477D98642C01340900C492A4 /* Checkpoint2.swift */,
				9BC12A802C069E7A0077D054 /* Checkpoint3.swift */,
				47BE25332C0F9247000057F5 /* Checkpoint4.swift */,
				47EFDE762C1B61A300A5E3F6 /* Checkpoint5.swift */,
			);
			path = Checkpoints;
			sourceTree = "<group>";
		};
		47DD70952BFEC4D000B6457D = {
			isa = PBXGroup;
			children = (
				47DD70A02BFEC4D000B6457D /* 100DaysOfSwiftUI */,
				47DD709F2BFEC4D000B6457D /* Products */,
			);
			sourceTree = "<group>";
		};
		47DD709F2BFEC4D000B6457D /* Products */ = {
			isa = PBXGroup;
			children = (
				47DD709E2BFEC4D000B6457D /* 100DaysOfSwiftUI */,
			);
			name = Products;
			sourceTree = "<group>";
		};
		47DD70A02BFEC4D000B6457D /* 100DaysOfSwiftUI */ = {
			isa = PBXGroup;
			children = (
				47DD70A12BFEC4D000B6457D /* main.swift */,
				47D387042BFF84C800EDAE98 /* Day.swift */,
				47D3870D2BFF8AB200EDAE98 /* Checkpoints */,
				47D387062BFF87B600EDAE98 /* Days */,
			);
			path = 100DaysOfSwiftUI;
			sourceTree = "<group>";
		};
/* End PBXGroup section */

/* Begin PBXNativeTarget section */
		47DD709D2BFEC4D000B6457D /* 100DaysOfSwiftUI */ = {
			isa = PBXNativeTarget;
			buildConfigurationList = 47DD70A52BFEC4D000B6457D /* Build configuration list for PBXNativeTarget "100DaysOfSwiftUI" */;
			buildPhases = (
				47DD709A2BFEC4D000B6457D /* Sources */,
				47DD709B2BFEC4D000B6457D /* Frameworks */,
				47DD709C2BFEC4D000B6457D /* CopyFiles */,
			);
			buildRules = (
			);
			dependencies = (
			);
			name = 100DaysOfSwiftUI;
			productName = 100DaysOfSwiftUI;
			productReference = 47DD709E2BFEC4D000B6457D /* 100DaysOfSwiftUI */;
			productType = "com.apple.product-type.tool";
		};
/* End PBXNativeTarget section */

/* Begin PBXProject section */
		47DD70962BFEC4D000B6457D /* Project object */ = {
			isa = PBXProject;
			attributes = {
				BuildIndependentTargetsInParallel = 1;
				LastSwiftUpdateCheck = 1530;
				LastUpgradeCheck = 1530;
				TargetAttributes = {
					47DD709D2BFEC4D000B6457D = {
						CreatedOnToolsVersion = 15.3;
					};
				};
			};
			buildConfigurationList = 47DD70992BFEC4D000B6457D /* Build configuration list for PBXProject "100DaysOfSwiftUI" */;
			compatibilityVersion = "Xcode 14.0";
			developmentRegion = en;
			hasScannedForEncodings = 0;
			knownRegions = (
				en,
				Base,
			);
			mainGroup = 47DD70952BFEC4D000B6457D;
			productRefGroup = 47DD709F2BFEC4D000B6457D /* Products */;
			projectDirPath = "";
			projectRoot = "";
			targets = (
				47DD709D2BFEC4D000B6457D /* 100DaysOfSwiftUI */,
			);
		};
/* End PBXProject section */

/* Begin PBXSourcesBuildPhase section */
		47DD709A2BFEC4D000B6457D /* Sources */ = {
			isa = PBXSourcesBuildPhase;
			buildActionMask = 2147483647;
			files = (
				47DD70AA2BFECB1D00B6457D /* Day1.swift in Sources */,
				47BA7E762C1631D40049647A /* Day9.swift in Sources */,
				9BC12A7F2C06831F0077D054 /* Day6.swift in Sources */,
				47D387082BFF87CD00EDAE98 /* Day3.swift in Sources */,
				47F615A82BFEDCF2004F9A03 /* Day2.swift in Sources */,
				47D3870C2BFF8AAE00EDAE98 /* Checkpoint1.swift in Sources */,
				47BE25322C0F7E6E000057F5 /* Day8.swift in Sources */,
				477D98632C012B3400C492A4 /* Day4.swift in Sources */,
				47D387052BFF84C800EDAE98 /* Day.swift in Sources */,
				47EFDE772C1B61A300A5E3F6 /* Checkpoint5.swift in Sources */,
				47BE25342C0F9247000057F5 /* Checkpoint4.swift in Sources */,
				477D98652C01340900C492A4 /* Checkpoint2.swift in Sources */,
				47C5C3152C04F9B0002F0D21 /* Day5.swift in Sources */,
				47DD70A22BFEC4D000B6457D /* main.swift in Sources */,
				47F5D1B22C0940460094895B /* Day7.swift in Sources */,
				9BC12A812C069E7A0077D054 /* Checkpoint3.swift in Sources */,
			);
			runOnlyForDeploymentPostprocessing = 0;
		};
/* End PBXSourcesBuildPhase section */

/* Begin XCBuildConfiguration section */
		47DD70A32BFEC4D000B6457D /* Debug */ = {
			isa = XCBuildConfiguration;
			buildSettings = {
				ALWAYS_SEARCH_USER_PATHS = NO;
				ASSETCATALOG_COMPILER_GENERATE_SWIFT_ASSET_SYMBOL_EXTENSIONS = YES;
				CLANG_ANALYZER_NONNULL = YES;
				CLANG_ANALYZER_NUMBER_OBJECT_CONVERSION = YES_AGGRESSIVE;
				CLANG_CXX_LANGUAGE_STANDARD = "gnu++20";
				CLANG_ENABLE_MODULES = YES;
				CLANG_ENABLE_OBJC_ARC = YES;
				CLANG_ENABLE_OBJC_WEAK = YES;
				CLANG_WARN_BLOCK_CAPTURE_AUTORELEASING = YES;
				CLANG_WARN_BOOL_CONVERSION = YES;
				CLANG_WARN_COMMA = YES;
				CLANG_WARN_CONSTANT_CONVERSION = YES;
				CLANG_WARN_DEPRECATED_OBJC_IMPLEMENTATIONS = YES;
				CLANG_WARN_DIRECT_OBJC_ISA_USAGE = YES_ERROR;
				CLANG_WARN_DOCUMENTATION_COMMENTS = YES;
				CLANG_WARN_EMPTY_BODY = YES;
				CLANG_WARN_ENUM_CONVERSION = YES;
				CLANG_WARN_INFINITE_RECURSION = YES;
				CLANG_WARN_INT_CONVERSION = YES;
				CLANG_WARN_NON_LITERAL_NULL_CONVERSION = YES;
				CLANG_WARN_OBJC_IMPLICIT_RETAIN_SELF = YES;
				CLANG_WARN_OBJC_LITERAL_CONVERSION = YES;
				CLANG_WARN_OBJC_ROOT_CLASS = YES_ERROR;
				CLANG_WARN_QUOTED_INCLUDE_IN_FRAMEWORK_HEADER = YES;
				CLANG_WARN_RANGE_LOOP_ANALYSIS = YES;
				CLANG_WARN_STRICT_PROTOTYPES = YES;
				CLANG_WARN_SUSPICIOUS_MOVE = YES;
				CLANG_WARN_UNGUARDED_AVAILABILITY = YES_AGGRESSIVE;
				CLANG_WARN_UNREACHABLE_CODE = YES;
				CLANG_WARN__DUPLICATE_METHOD_MATCH = YES;
				COPY_PHASE_STRIP = NO;
				DEBUG_INFORMATION_FORMAT = dwarf;
				ENABLE_STRICT_OBJC_MSGSEND = YES;
				ENABLE_TESTABILITY = YES;
				ENABLE_USER_SCRIPT_SANDBOXING = YES;
				GCC_C_LANGUAGE_STANDARD = gnu17;
				GCC_DYNAMIC_NO_PIC = NO;
				GCC_NO_COMMON_BLOCKS = YES;
				GCC_OPTIMIZATION_LEVEL = 0;
				GCC_PREPROCESSOR_DEFINITIONS = (
					"DEBUG=1",
					"$(inherited)",
				);
				GCC_WARN_64_TO_32_BIT_CONVERSION = YES;
				GCC_WARN_ABOUT_RETURN_TYPE = YES_ERROR;
				GCC_WARN_UNDECLARED_SELECTOR = YES;
				GCC_WARN_UNINITIALIZED_AUTOS = YES_AGGRESSIVE;
				GCC_WARN_UNUSED_FUNCTION = YES;
				GCC_WARN_UNUSED_VARIABLE = YES;
				LOCALIZATION_PREFERS_STRING_CATALOGS = YES;
				MACOSX_DEPLOYMENT_TARGET = 14.0;
				MTL_ENABLE_DEBUG_INFO = INCLUDE_SOURCE;
				MTL_FAST_MATH = YES;
				ONLY_ACTIVE_ARCH = YES;
				SDKROOT = macosx;
				SWIFT_ACTIVE_COMPILATION_CONDITIONS = "DEBUG $(inherited)";
				SWIFT_OPTIMIZATION_LEVEL = "-Onone";
			};
			name = Debug;
		};
		47DD70A42BFEC4D000B6457D /* Release */ = {
			isa = XCBuildConfiguration;
			buildSettings = {
				ALWAYS_SEARCH_USER_PATHS = NO;
				ASSETCATALOG_COMPILER_GENERATE_SWIFT_ASSET_SYMBOL_EXTENSIONS = YES;
				CLANG_ANALYZER_NONNULL = YES;
				CLANG_ANALYZER_NUMBER_OBJECT_CONVERSION = YES_AGGRESSIVE;
				CLANG_CXX_LANGUAGE_STANDARD = "gnu++20";
				CLANG_ENABLE_MODULES = YES;
				CLANG_ENABLE_OBJC_ARC = YES;
				CLANG_ENABLE_OBJC_WEAK = YES;
				CLANG_WARN_BLOCK_CAPTURE_AUTORELEASING = YES;
				CLANG_WARN_BOOL_CONVERSION = YES;
				CLANG_WARN_COMMA = YES;
				CLANG_WARN_CONSTANT_CONVERSION = YES;
				CLANG_WARN_DEPRECATED_OBJC_IMPLEMENTATIONS = YES;
				CLANG_WARN_DIRECT_OBJC_ISA_USAGE = YES_ERROR;
				CLANG_WARN_DOCUMENTATION_COMMENTS = YES;
				CLANG_WARN_EMPTY_BODY = YES;
				CLANG_WARN_ENUM_CONVERSION = YES;
				CLANG_WARN_INFINITE_RECURSION = YES;
				CLANG_WARN_INT_CONVERSION = YES;
				CLANG_WARN_NON_LITERAL_NULL_CONVERSION = YES;
				CLANG_WARN_OBJC_IMPLICIT_RETAIN_SELF = YES;
				CLANG_WARN_OBJC_LITERAL_CONVERSION = YES;
				CLANG_WARN_OBJC_ROOT_CLASS = YES_ERROR;
				CLANG_WARN_QUOTED_INCLUDE_IN_FRAMEWORK_HEADER = YES;
				CLANG_WARN_RANGE_LOOP_ANALYSIS = YES;
				CLANG_WARN_STRICT_PROTOTYPES = YES;
				CLANG_WARN_SUSPICIOUS_MOVE = YES;
				CLANG_WARN_UNGUARDED_AVAILABILITY = YES_AGGRESSIVE;
				CLANG_WARN_UNREACHABLE_CODE = YES;
				CLANG_WARN__DUPLICATE_METHOD_MATCH = YES;
				COPY_PHASE_STRIP = NO;
				DEBUG_INFORMATION_FORMAT = "dwarf-with-dsym";
				ENABLE_NS_ASSERTIONS = NO;
				ENABLE_STRICT_OBJC_MSGSEND = YES;
				ENABLE_USER_SCRIPT_SANDBOXING = YES;
				GCC_C_LANGUAGE_STANDARD = gnu17;
				GCC_NO_COMMON_BLOCKS = YES;
				GCC_WARN_64_TO_32_BIT_CONVERSION = YES;
				GCC_WARN_ABOUT_RETURN_TYPE = YES_ERROR;
				GCC_WARN_UNDECLARED_SELECTOR = YES;
				GCC_WARN_UNINITIALIZED_AUTOS = YES_AGGRESSIVE;
				GCC_WARN_UNUSED_FUNCTION = YES;
				GCC_WARN_UNUSED_VARIABLE = YES;
				LOCALIZATION_PREFERS_STRING_CATALOGS = YES;
				MACOSX_DEPLOYMENT_TARGET = 14.0;
				MTL_ENABLE_DEBUG_INFO = NO;
				MTL_FAST_MATH = YES;
				SDKROOT = macosx;
				SWIFT_COMPILATION_MODE = wholemodule;
			};
			name = Release;
		};
		47DD70A62BFEC4D000B6457D /* Debug */ = {
			isa = XCBuildConfiguration;
			buildSettings = {
				CODE_SIGN_STYLE = Automatic;
				PRODUCT_NAME = "$(TARGET_NAME)";
				SWIFT_VERSION = 5.0;
			};
			name = Debug;
		};
		47DD70A72BFEC4D000B6457D /* Release */ = {
			isa = XCBuildConfiguration;
			buildSettings = {
				CODE_SIGN_STYLE = Automatic;
				PRODUCT_NAME = "$(TARGET_NAME)";
				SWIFT_VERSION = 5.0;
			};
			name = Release;
		};
/* End XCBuildConfiguration section */

/* Begin XCConfigurationList section */
		47DD70992BFEC4D000B6457D /* Build configuration list for PBXProject "100DaysOfSwiftUI" */ = {
			isa = XCConfigurationList;
			buildConfigurations = (
				47DD70A32BFEC4D000B6457D /* Debug */,
				47DD70A42BFEC4D000B6457D /* Release */,
			);
			defaultConfigurationIsVisible = 0;
			defaultConfigurationName = Release;
		};
		47DD70A52BFEC4D000B6457D /* Build configuration list for PBXNativeTarget "100DaysOfSwiftUI" */ = {
			isa = XCConfigurationList;
			buildConfigurations = (
				47DD70A62BFEC4D000B6457D /* Debug */,
				47DD70A72BFEC4D000B6457D /* Release */,
			);
			defaultConfigurationIsVisible = 0;
			defaultConfigurationName = Release;
		};
/* End XCConfigurationList section */
	};
	rootObject = 47DD70962BFEC4D000B6457D /* Project object */;
}
